
Microsoft Visual Studio Solution File, Format Version 12.00
# Visual Studio 15
VisualStudioVersion = 15.0.28307.329
MinimumVisualStudioVersion = 10.0.40219.1
Project("{FAE04EC0-301F-11D3-BF4B-00C04F79EFBC}") = "Goblintools.App", "Goblintools.App\Goblintools.App.csproj", "{4785ECA8-93D6-406F-BF6B-77D7502E0C78}"
EndProject
Project("{FAE04EC0-301F-11D3-BF4B-00C04F79EFBC}") = "Goblintools", "Goblintools\Goblintools.csproj", "{19E8A357-B2A0-4E9F-8702-EFA780E39738}"
EndProject
Project("{FAE04EC0-301F-11D3-BF4B-00C04F79EFBC}") = "Goblintools.WPF", "Goblintools.WPF\Goblintools.WPF.csproj", "{7FC8605C-E1A7-4717-82B7-45825A6E17DA}"
EndProject
Project("{FAE04EC0-301F-11D3-BF4B-00C04F79EFBC}") = "Goblintools.WinForms", "Goblintools.WinForms\Goblintools.WinForms.csproj", "{B55E24E2-618A-4401-A220-0D57CFD8A05B}"
EndProject
Global
	GlobalSection(SolutionConfigurationPlatforms) = preSolution
		Debug|Any CPU = Debug|Any CPU
		Release|Any CPU = Release|Any CPU
	EndGlobalSection
	GlobalSection(ProjectConfigurationPlatforms) = postSolution
		{4785ECA8-93D6-406F-BF6B-77D7502E0C78}.Debug|Any CPU.ActiveCfg = Debug|Any CPU
		{4785ECA8-93D6-406F-BF6B-77D7502E0C78}.Debug|Any CPU.Build.0 = Debug|Any CPU
		{4785ECA8-93D6-406F-BF6B-77D7502E0C78}.Release|Any CPU.ActiveCfg = Release|Any CPU
		{4785ECA8-93D6-406F-BF6B-77D7502E0C78}.Release|Any CPU.Build.0 = Release|Any CPU
		{19E8A357-B2A0-4E9F-8702-EFA780E39738}.Debug|Any CPU.ActiveCfg = Debug|Any CPU
		{19E8A357-B2A0-4E9F-8702-EFA780E39738}.Debug|Any CPU.Build.0 = Debug|Any CPU
		{19E8A357-B2A0-4E9F-8702-EFA780E39738}.Release|Any CPU.ActiveCfg = Release|Any CPU
		{19E8A357-B2A0-4E9F-8702-EFA780E39738}.Release|Any CPU.Build.0 = Release|Any CPU
		{7FC8605C-E1A7-4717-82B7-45825A6E17DA}.Debug|Any CPU.ActiveCfg = Debug|Any CPU
		{7FC8605C-E1A7-4717-82B7-45825A6E17DA}.Debug|Any CPU.Build.0 = Debug|Any CPU
		{7FC8605C-E1A7-4717-82B7-45825A6E17DA}.Release|Any CPU.ActiveCfg = Release|Any CPU
		{7FC8605C-E1A7-4717-82B7-45825A6E17DA}.Release|Any CPU.Build.0 = Release|Any CPU
		{B55E24E2-618A-4401-A220-0D57CFD8A05B}.Debug|Any CPU.ActiveCfg = Debug|Any CPU
		{B55E24E2-618A-4401-A220-0D57CFD8A05B}.Debug|Any CPU.Build.0 = Debug|Any CPU
		{B55E24E2-618A-4401-A220-0D57CFD8A05B}.Release|Any CPU.ActiveCfg = Release|Any CPU
		{B55E24E2-618A-4401-A220-0D57CFD8A05B}.Release|Any CPU.Build.0 = Release|Any CPU
	EndGlobalSection
	GlobalSection(SolutionProperties) = preSolution
		HideSolutionNode = FALSE
	EndGlobalSection
	GlobalSection(ExtensibilityGlobals) = postSolution
		SolutionGuid = {5FFE389F-1D7B-4F01-AB55-92E327ECF18D}
	EndGlobalSection
EndGlobal
