
Microsoft Visual Studio Solution File, Format Version 12.00
# Visual Studio 2013
VisualStudioVersion = 12.0.31101.0
MinimumVisualStudioVersion = 10.0.40219.1
Project("{F184B08F-C81C-45F6-A57F-5ABD9991F28F}") = "Goblintools", "Goblintools\Goblintools.vbproj", "{5EC88B06-6D80-46CF-86E8-4DCC6CED2E73}"
EndProject
Project("{F184B08F-C81C-45F6-A57F-5ABD9991F28F}") = "Goblintools.Gis", "Goblintools.Gis\Goblintools.Gis.vbproj", "{BF26780C-CC91-4F57-BA3B-1418D55A9C6C}"
EndProject
Project("{F184B08F-C81C-45F6-A57F-5ABD9991F28F}") = "Goblintools.HID", "Goblintools.HID\Goblintools.HID.vbproj", "{73539A60-5A4B-4FF9-B23D-C396EA823A99}"
EndProject
Global
	GlobalSection(SolutionConfigurationPlatforms) = preSolution
		Debug|Any CPU = Debug|Any CPU
		Release|Any CPU = Release|Any CPU
	EndGlobalSection
	GlobalSection(ProjectConfigurationPlatforms) = postSolution
		{5EC88B06-6D80-46CF-86E8-4DCC6CED2E73}.Debug|Any CPU.ActiveCfg = Debug|Any CPU
		{5EC88B06-6D80-46CF-86E8-4DCC6CED2E73}.Debug|Any CPU.Build.0 = Debug|Any CPU
		{5EC88B06-6D80-46CF-86E8-4DCC6CED2E73}.Release|Any CPU.ActiveCfg = Release|Any CPU
		{5EC88B06-6D80-46CF-86E8-4DCC6CED2E73}.Release|Any CPU.Build.0 = Release|Any CPU
		{BF26780C-CC91-4F57-BA3B-1418D55A9C6C}.Debug|Any CPU.ActiveCfg = Debug|Any CPU
		{BF26780C-CC91-4F57-BA3B-1418D55A9C6C}.Debug|Any CPU.Build.0 = Debug|Any CPU
		{BF26780C-CC91-4F57-BA3B-1418D55A9C6C}.Release|Any CPU.ActiveCfg = Release|Any CPU
		{BF26780C-CC91-4F57-BA3B-1418D55A9C6C}.Release|Any CPU.Build.0 = Release|Any CPU
		{73539A60-5A4B-4FF9-B23D-C396EA823A99}.Debug|Any CPU.ActiveCfg = Debug|Any CPU
		{73539A60-5A4B-4FF9-B23D-C396EA823A99}.Debug|Any CPU.Build.0 = Debug|Any CPU
		{73539A60-5A4B-4FF9-B23D-C396EA823A99}.Release|Any CPU.ActiveCfg = Release|Any CPU
		{73539A60-5A4B-4FF9-B23D-C396EA823A99}.Release|Any CPU.Build.0 = Release|Any CPU
	EndGlobalSection
	GlobalSection(SolutionProperties) = preSolution
		HideSolutionNode = FALSE
	EndGlobalSection
EndGlobal
